
Microsoft Visual Studio Solution File, Format Version 12.00
# Visual Studio 15
VisualStudioVersion = 15.0.26730.16
MinimumVisualStudioVersion = 10.0.40219.1
Project("{9A19103F-16F7-4668-BE54-9A1E7A4F7556}") = "StackifyLib", "StackifyLib\StackifyLib.csproj", "{03CF7411-65E2-4998-A157-9224ECA6199B}"
EndProject
Project("{9A19103F-16F7-4668-BE54-9A1E7A4F7556}") = "StackifyLib.log4net", "StackifyLib.log4net\StackifyLib.log4net.csproj", "{7D98E5E3-A3E7-4613-8BB7-80A60D86A5E8}"
EndProject
Project("{9A19103F-16F7-4668-BE54-9A1E7A4F7556}") = "NLog.Targets.Stackify", "NLog.Targets.Stackify\NLog.Targets.Stackify.csproj", "{55CC4568-242F-40D7-9BD3-23C4F502C161}"
EndProject
Project("{FAE04EC0-301F-11D3-BF4B-00C04F79EFBC}") = "StackifyLib.ELMAH", "StackifyLib.ELMAH\StackifyLib.ELMAH.csproj", "{D0E1AABD-6397-4CC7-9737-4904A4BF5BCD}"
EndProject
Project("{9A19103F-16F7-4668-BE54-9A1E7A4F7556}") = "CoreConsoleApp", "CoreConsoleApp\CoreConsoleApp.csproj", "{2B832B34-BA30-4B5A-8E78-D6DC78AF16FB}"
EndProject
Project("{9A19103F-16F7-4668-BE54-9A1E7A4F7556}") = "CoreWebApp", "CoreWebApp\CoreWebApp.csproj", "{BC6FDF2B-E063-4F8B-ABBA-6BD9425D4C64}"
EndProject
Project("{9A19103F-16F7-4668-BE54-9A1E7A4F7556}") = "StackifyLib.CoreLogger", "StackifyLib.CoreLogger\StackifyLib.CoreLogger.csproj", "{CB09D719-F393-413D-B5CD-E0125543AD24}"
EndProject
Project("{9A19103F-16F7-4668-BE54-9A1E7A4F7556}") = "StackifyLib.AspNetCore", "StackifyLib.AspNetCore\StackifyLib.AspNetCore.csproj", "{E141CDE4-501C-4533-8A2E-344522B1991E}"
EndProject
Project("{9A19103F-16F7-4668-BE54-9A1E7A4F7556}") = "StackifyLib.StackifyTraceListener", "StackifyLib.StackifyTraceListener\StackifyLib.StackifyTraceListener.csproj", "{28A61379-B316-480F-B45E-C622C42CAE8D}"
EndProject
Project("{2150E333-8FDC-42A3-9474-1A3956D46DE8}") = "test", "test", "{0FC971C7-3E3C-4F8B-9759-9F326B8DBDB3}"
EndProject
Project("{9A19103F-16F7-4668-BE54-9A1E7A4F7556}") = "StackifyLibTests", "..\test\StackifyLibTests\StackifyLibTests.csproj", "{810779D2-A684-406A-8349-94B1F7B15354}"
EndProject
Project("{2150E333-8FDC-42A3-9474-1A3956D46DE8}") = "src", "src", "{56C33CBF-C021-4871-9B88-13EE7CD56EFE}"
EndProject
Project("{2150E333-8FDC-42A3-9474-1A3956D46DE8}") = "Solution Items", "Solution Items", "{8AE053E9-0AF1-4E72-A9DE-9541407E453A}"
	ProjectSection(SolutionItems) = preProject
		..\build.ps1 = ..\build.ps1
	EndProjectSection
EndProject
Global
	GlobalSection(SolutionConfigurationPlatforms) = preSolution
		Debug|Any CPU = Debug|Any CPU
		Release|Any CPU = Release|Any CPU
	EndGlobalSection
	GlobalSection(ProjectConfigurationPlatforms) = postSolution
		{03CF7411-65E2-4998-A157-9224ECA6199B}.Debug|Any CPU.ActiveCfg = Debug|Any CPU
		{03CF7411-65E2-4998-A157-9224ECA6199B}.Debug|Any CPU.Build.0 = Debug|Any CPU
		{03CF7411-65E2-4998-A157-9224ECA6199B}.Release|Any CPU.ActiveCfg = Release|Any CPU
		{03CF7411-65E2-4998-A157-9224ECA6199B}.Release|Any CPU.Build.0 = Release|Any CPU
		{7D98E5E3-A3E7-4613-8BB7-80A60D86A5E8}.Debug|Any CPU.ActiveCfg = Debug|Any CPU
		{7D98E5E3-A3E7-4613-8BB7-80A60D86A5E8}.Debug|Any CPU.Build.0 = Debug|Any CPU
		{7D98E5E3-A3E7-4613-8BB7-80A60D86A5E8}.Release|Any CPU.ActiveCfg = Release|Any CPU
		{7D98E5E3-A3E7-4613-8BB7-80A60D86A5E8}.Release|Any CPU.Build.0 = Release|Any CPU
		{55CC4568-242F-40D7-9BD3-23C4F502C161}.Debug|Any CPU.ActiveCfg = Debug|Any CPU
		{55CC4568-242F-40D7-9BD3-23C4F502C161}.Debug|Any CPU.Build.0 = Debug|Any CPU
		{55CC4568-242F-40D7-9BD3-23C4F502C161}.Release|Any CPU.ActiveCfg = Release|Any CPU
		{55CC4568-242F-40D7-9BD3-23C4F502C161}.Release|Any CPU.Build.0 = Release|Any CPU
		{D0E1AABD-6397-4CC7-9737-4904A4BF5BCD}.Debug|Any CPU.ActiveCfg = Debug|Any CPU
		{D0E1AABD-6397-4CC7-9737-4904A4BF5BCD}.Debug|Any CPU.Build.0 = Debug|Any CPU
		{D0E1AABD-6397-4CC7-9737-4904A4BF5BCD}.Release|Any CPU.ActiveCfg = Release|Any CPU
		{D0E1AABD-6397-4CC7-9737-4904A4BF5BCD}.Release|Any CPU.Build.0 = Release|Any CPU
		{2B832B34-BA30-4B5A-8E78-D6DC78AF16FB}.Debug|Any CPU.ActiveCfg = Debug|Any CPU
		{2B832B34-BA30-4B5A-8E78-D6DC78AF16FB}.Debug|Any CPU.Build.0 = Debug|Any CPU
		{2B832B34-BA30-4B5A-8E78-D6DC78AF16FB}.Release|Any CPU.ActiveCfg = Release|Any CPU
		{2B832B34-BA30-4B5A-8E78-D6DC78AF16FB}.Release|Any CPU.Build.0 = Release|Any CPU
		{BC6FDF2B-E063-4F8B-ABBA-6BD9425D4C64}.Debug|Any CPU.ActiveCfg = Debug|Any CPU
		{BC6FDF2B-E063-4F8B-ABBA-6BD9425D4C64}.Debug|Any CPU.Build.0 = Debug|Any CPU
		{BC6FDF2B-E063-4F8B-ABBA-6BD9425D4C64}.Release|Any CPU.ActiveCfg = Release|Any CPU
		{BC6FDF2B-E063-4F8B-ABBA-6BD9425D4C64}.Release|Any CPU.Build.0 = Release|Any CPU
		{CB09D719-F393-413D-B5CD-E0125543AD24}.Debug|Any CPU.ActiveCfg = Debug|Any CPU
		{CB09D719-F393-413D-B5CD-E0125543AD24}.Debug|Any CPU.Build.0 = Debug|Any CPU
		{CB09D719-F393-413D-B5CD-E0125543AD24}.Release|Any CPU.ActiveCfg = Release|Any CPU
		{CB09D719-F393-413D-B5CD-E0125543AD24}.Release|Any CPU.Build.0 = Release|Any CPU
		{E141CDE4-501C-4533-8A2E-344522B1991E}.Debug|Any CPU.ActiveCfg = Debug|Any CPU
		{E141CDE4-501C-4533-8A2E-344522B1991E}.Debug|Any CPU.Build.0 = Debug|Any CPU
		{E141CDE4-501C-4533-8A2E-344522B1991E}.Release|Any CPU.ActiveCfg = Release|Any CPU
		{E141CDE4-501C-4533-8A2E-344522B1991E}.Release|Any CPU.Build.0 = Release|Any CPU
		{28A61379-B316-480F-B45E-C622C42CAE8D}.Debug|Any CPU.ActiveCfg = Debug|Any CPU
		{28A61379-B316-480F-B45E-C622C42CAE8D}.Debug|Any CPU.Build.0 = Debug|Any CPU
		{28A61379-B316-480F-B45E-C622C42CAE8D}.Release|Any CPU.ActiveCfg = Release|Any CPU
		{28A61379-B316-480F-B45E-C622C42CAE8D}.Release|Any CPU.Build.0 = Release|Any CPU
		{810779D2-A684-406A-8349-94B1F7B15354}.Debug|Any CPU.ActiveCfg = Debug|Any CPU
		{810779D2-A684-406A-8349-94B1F7B15354}.Debug|Any CPU.Build.0 = Debug|Any CPU
		{810779D2-A684-406A-8349-94B1F7B15354}.Release|Any CPU.ActiveCfg = Release|Any CPU
		{810779D2-A684-406A-8349-94B1F7B15354}.Release|Any CPU.Build.0 = Release|Any CPU
	EndGlobalSection
	GlobalSection(SolutionProperties) = preSolution
		HideSolutionNode = FALSE
	EndGlobalSection
	GlobalSection(NestedProjects) = preSolution
		{03CF7411-65E2-4998-A157-9224ECA6199B} = {56C33CBF-C021-4871-9B88-13EE7CD56EFE}
		{7D98E5E3-A3E7-4613-8BB7-80A60D86A5E8} = {56C33CBF-C021-4871-9B88-13EE7CD56EFE}
		{55CC4568-242F-40D7-9BD3-23C4F502C161} = {56C33CBF-C021-4871-9B88-13EE7CD56EFE}
		{D0E1AABD-6397-4CC7-9737-4904A4BF5BCD} = {56C33CBF-C021-4871-9B88-13EE7CD56EFE}
		{2B832B34-BA30-4B5A-8E78-D6DC78AF16FB} = {56C33CBF-C021-4871-9B88-13EE7CD56EFE}
		{BC6FDF2B-E063-4F8B-ABBA-6BD9425D4C64} = {56C33CBF-C021-4871-9B88-13EE7CD56EFE}
		{CB09D719-F393-413D-B5CD-E0125543AD24} = {56C33CBF-C021-4871-9B88-13EE7CD56EFE}
		{E141CDE4-501C-4533-8A2E-344522B1991E} = {56C33CBF-C021-4871-9B88-13EE7CD56EFE}
		{28A61379-B316-480F-B45E-C622C42CAE8D} = {56C33CBF-C021-4871-9B88-13EE7CD56EFE}
		{810779D2-A684-406A-8349-94B1F7B15354} = {0FC971C7-3E3C-4F8B-9759-9F326B8DBDB3}
	EndGlobalSection
	GlobalSection(ExtensibilityGlobals) = postSolution
		SolutionGuid = {88341752-1477-48B9-9CB6-FEA8CCA7B35A}
	EndGlobalSection
EndGlobal
