
Microsoft Visual Studio Solution File, Format Version 12.00
# Visual Studio 15
VisualStudioVersion = 15.0.27130.2024
MinimumVisualStudioVersion = 10.0.40219.1
Project("{9A19103F-16F7-4668-BE54-9A1E7A4F7556}") = "StackifyLib", "StackifyLib\StackifyLib.csproj", "{03CF7411-65E2-4998-A157-9224ECA6199B}"
EndProject
Project("{9A19103F-16F7-4668-BE54-9A1E7A4F7556}") = "StackifyLib.log4net", "StackifyLib.log4net\StackifyLib.log4net.csproj", "{7D98E5E3-A3E7-4613-8BB7-80A60D86A5E8}"
EndProject
Project("{FAE04EC0-301F-11D3-BF4B-00C04F79EFBC}") = "StackifyLib.log4net.v1_2_10", "StackifyLib.log4net.v1_2_10\StackifyLib.log4net.v1_2_10.csproj", "{0353F536-CC16-4008-8C7C-31CE123F3D10}"
EndProject
Project("{9A19103F-16F7-4668-BE54-9A1E7A4F7556}") = "NLog.Targets.Stackify", "NLog.Targets.Stackify\NLog.Targets.Stackify.csproj", "{55CC4568-242F-40D7-9BD3-23C4F502C161}"
EndProject
Project("{FAE04EC0-301F-11D3-BF4B-00C04F79EFBC}") = "StackifyLib.ELMAH", "StackifyLib.ELMAH\StackifyLib.ELMAH.csproj", "{D0E1AABD-6397-4CC7-9737-4904A4BF5BCD}"
EndProject
Project("{9A19103F-16F7-4668-BE54-9A1E7A4F7556}") = "CoreConsoleApp", "..\samples\CoreConsoleApp\CoreConsoleApp.csproj", "{2B832B34-BA30-4B5A-8E78-D6DC78AF16FB}"
EndProject
Project("{9A19103F-16F7-4668-BE54-9A1E7A4F7556}") = "CoreWebApp", "..\samples\CoreWebApp\CoreWebApp.csproj", "{BC6FDF2B-E063-4F8B-ABBA-6BD9425D4C64}"
EndProject
Project("{9A19103F-16F7-4668-BE54-9A1E7A4F7556}") = "StackifyLib.CoreLogger", "StackifyLib.CoreLogger\StackifyLib.CoreLogger.csproj", "{CB09D719-F393-413D-B5CD-E0125543AD24}"
EndProject
Project("{9A19103F-16F7-4668-BE54-9A1E7A4F7556}") = "StackifyLib.AspNetCore", "StackifyLib.AspNetCore\StackifyLib.AspNetCore.csproj", "{E141CDE4-501C-4533-8A2E-344522B1991E}"
EndProject
Project("{9A19103F-16F7-4668-BE54-9A1E7A4F7556}") = "StackifyLib.StackifyTraceListener", "StackifyLib.StackifyTraceListener\StackifyLib.StackifyTraceListener.csproj", "{28A61379-B316-480F-B45E-C622C42CAE8D}"
EndProject
Project("{2150E333-8FDC-42A3-9474-1A3956D46DE8}") = "Tests", "Tests", "{36B13547-8CBC-4985-9495-555500880F1D}"
EndProject
Project("{2150E333-8FDC-42A3-9474-1A3956D46DE8}") = "Appenders", "Appenders", "{709EEA1C-81B6-4369-AB25-6A03D4BEC75F}"
EndProject
Project("{2150E333-8FDC-42A3-9474-1A3956D46DE8}") = "Samples", "Samples", "{CA786C31-57B0-4FA4-919D-8B24D2FBCDCB}"
EndProject
Project("{9A19103F-16F7-4668-BE54-9A1E7A4F7556}") = "StackifyLib.UnitTests", "..\test\StackifyLib.UnitTests\StackifyLib.UnitTests.csproj", "{0A9026C3-2A91-4A45-893C-17C6AF006FA0}"
EndProject
Global
	GlobalSection(SolutionConfigurationPlatforms) = preSolution
		Debug|Any CPU = Debug|Any CPU
		Release|Any CPU = Release|Any CPU
	EndGlobalSection
	GlobalSection(ProjectConfigurationPlatforms) = postSolution
		{03CF7411-65E2-4998-A157-9224ECA6199B}.Debug|Any CPU.ActiveCfg = Debug|Any CPU
		{03CF7411-65E2-4998-A157-9224ECA6199B}.Debug|Any CPU.Build.0 = Debug|Any CPU
		{03CF7411-65E2-4998-A157-9224ECA6199B}.Release|Any CPU.ActiveCfg = Release|Any CPU
		{03CF7411-65E2-4998-A157-9224ECA6199B}.Release|Any CPU.Build.0 = Release|Any CPU
		{7D98E5E3-A3E7-4613-8BB7-80A60D86A5E8}.Debug|Any CPU.ActiveCfg = Debug|Any CPU
		{7D98E5E3-A3E7-4613-8BB7-80A60D86A5E8}.Debug|Any CPU.Build.0 = Debug|Any CPU
		{7D98E5E3-A3E7-4613-8BB7-80A60D86A5E8}.Release|Any CPU.ActiveCfg = Release|Any CPU
		{7D98E5E3-A3E7-4613-8BB7-80A60D86A5E8}.Release|Any CPU.Build.0 = Release|Any CPU
		{0353F536-CC16-4008-8C7C-31CE123F3D10}.Debug|Any CPU.ActiveCfg = Debug|Any CPU
		{0353F536-CC16-4008-8C7C-31CE123F3D10}.Debug|Any CPU.Build.0 = Debug|Any CPU
		{0353F536-CC16-4008-8C7C-31CE123F3D10}.Release|Any CPU.ActiveCfg = Release|Any CPU
		{0353F536-CC16-4008-8C7C-31CE123F3D10}.Release|Any CPU.Build.0 = Release|Any CPU
		{55CC4568-242F-40D7-9BD3-23C4F502C161}.Debug|Any CPU.ActiveCfg = Debug|Any CPU
		{55CC4568-242F-40D7-9BD3-23C4F502C161}.Debug|Any CPU.Build.0 = Debug|Any CPU
		{55CC4568-242F-40D7-9BD3-23C4F502C161}.Release|Any CPU.ActiveCfg = Release|Any CPU
		{55CC4568-242F-40D7-9BD3-23C4F502C161}.Release|Any CPU.Build.0 = Release|Any CPU
		{D0E1AABD-6397-4CC7-9737-4904A4BF5BCD}.Debug|Any CPU.ActiveCfg = Debug|Any CPU
		{D0E1AABD-6397-4CC7-9737-4904A4BF5BCD}.Debug|Any CPU.Build.0 = Debug|Any CPU
		{D0E1AABD-6397-4CC7-9737-4904A4BF5BCD}.Release|Any CPU.ActiveCfg = Release|Any CPU
		{D0E1AABD-6397-4CC7-9737-4904A4BF5BCD}.Release|Any CPU.Build.0 = Release|Any CPU
		{2B832B34-BA30-4B5A-8E78-D6DC78AF16FB}.Debug|Any CPU.ActiveCfg = Debug|Any CPU
		{2B832B34-BA30-4B5A-8E78-D6DC78AF16FB}.Debug|Any CPU.Build.0 = Debug|Any CPU
		{2B832B34-BA30-4B5A-8E78-D6DC78AF16FB}.Release|Any CPU.ActiveCfg = Release|Any CPU
		{2B832B34-BA30-4B5A-8E78-D6DC78AF16FB}.Release|Any CPU.Build.0 = Release|Any CPU
		{BC6FDF2B-E063-4F8B-ABBA-6BD9425D4C64}.Debug|Any CPU.ActiveCfg = Debug|Any CPU
		{BC6FDF2B-E063-4F8B-ABBA-6BD9425D4C64}.Debug|Any CPU.Build.0 = Debug|Any CPU
		{BC6FDF2B-E063-4F8B-ABBA-6BD9425D4C64}.Release|Any CPU.ActiveCfg = Release|Any CPU
		{BC6FDF2B-E063-4F8B-ABBA-6BD9425D4C64}.Release|Any CPU.Build.0 = Release|Any CPU
		{CB09D719-F393-413D-B5CD-E0125543AD24}.Debug|Any CPU.ActiveCfg = Debug|Any CPU
		{CB09D719-F393-413D-B5CD-E0125543AD24}.Debug|Any CPU.Build.0 = Debug|Any CPU
		{CB09D719-F393-413D-B5CD-E0125543AD24}.Release|Any CPU.ActiveCfg = Release|Any CPU
		{CB09D719-F393-413D-B5CD-E0125543AD24}.Release|Any CPU.Build.0 = Release|Any CPU
		{E141CDE4-501C-4533-8A2E-344522B1991E}.Debug|Any CPU.ActiveCfg = Debug|Any CPU
		{E141CDE4-501C-4533-8A2E-344522B1991E}.Debug|Any CPU.Build.0 = Debug|Any CPU
		{E141CDE4-501C-4533-8A2E-344522B1991E}.Release|Any CPU.ActiveCfg = Release|Any CPU
		{E141CDE4-501C-4533-8A2E-344522B1991E}.Release|Any CPU.Build.0 = Release|Any CPU
		{28A61379-B316-480F-B45E-C622C42CAE8D}.Debug|Any CPU.ActiveCfg = Debug|Any CPU
		{28A61379-B316-480F-B45E-C622C42CAE8D}.Debug|Any CPU.Build.0 = Debug|Any CPU
		{28A61379-B316-480F-B45E-C622C42CAE8D}.Release|Any CPU.ActiveCfg = Release|Any CPU
		{28A61379-B316-480F-B45E-C622C42CAE8D}.Release|Any CPU.Build.0 = Release|Any CPU
		{0A9026C3-2A91-4A45-893C-17C6AF006FA0}.Debug|Any CPU.ActiveCfg = Debug|Any CPU
		{0A9026C3-2A91-4A45-893C-17C6AF006FA0}.Debug|Any CPU.Build.0 = Debug|Any CPU
		{0A9026C3-2A91-4A45-893C-17C6AF006FA0}.Release|Any CPU.ActiveCfg = Release|Any CPU
		{0A9026C3-2A91-4A45-893C-17C6AF006FA0}.Release|Any CPU.Build.0 = Release|Any CPU
	EndGlobalSection
	GlobalSection(SolutionProperties) = preSolution
		HideSolutionNode = FALSE
	EndGlobalSection
	GlobalSection(NestedProjects) = preSolution
		{7D98E5E3-A3E7-4613-8BB7-80A60D86A5E8} = {709EEA1C-81B6-4369-AB25-6A03D4BEC75F}
		{0353F536-CC16-4008-8C7C-31CE123F3D10} = {709EEA1C-81B6-4369-AB25-6A03D4BEC75F}
		{55CC4568-242F-40D7-9BD3-23C4F502C161} = {709EEA1C-81B6-4369-AB25-6A03D4BEC75F}
		{D0E1AABD-6397-4CC7-9737-4904A4BF5BCD} = {709EEA1C-81B6-4369-AB25-6A03D4BEC75F}
		{2B832B34-BA30-4B5A-8E78-D6DC78AF16FB} = {CA786C31-57B0-4FA4-919D-8B24D2FBCDCB}
		{BC6FDF2B-E063-4F8B-ABBA-6BD9425D4C64} = {CA786C31-57B0-4FA4-919D-8B24D2FBCDCB}
		{CB09D719-F393-413D-B5CD-E0125543AD24} = {709EEA1C-81B6-4369-AB25-6A03D4BEC75F}
		{E141CDE4-501C-4533-8A2E-344522B1991E} = {709EEA1C-81B6-4369-AB25-6A03D4BEC75F}
		{28A61379-B316-480F-B45E-C622C42CAE8D} = {709EEA1C-81B6-4369-AB25-6A03D4BEC75F}
		{0A9026C3-2A91-4A45-893C-17C6AF006FA0} = {36B13547-8CBC-4985-9495-555500880F1D}
	EndGlobalSection
	GlobalSection(ExtensibilityGlobals) = postSolution
		SolutionGuid = {6AB55A24-BCFF-4641-90E0-7921CAD32F49}
	EndGlobalSection
EndGlobal
